{
  "version": 4,
  "terraform_version": "1.7.3",
  "serial": 11,
  "lineage": "730c21f9-1351-7d95-2433-247db2eb467e",
  "outputs": {},
  "resources": [
    {
      "mode": "managed",
      "type": "azuredevops_git_repository",
      "name": "repoBack",
      "provider": "provider[\"registry.terraform.io/microsoft/azuredevops\"]",
      "instances": [
        {
          "schema_version": 0,
          "attributes": {
            "default_branch": "refs/heads/main",
            "id": "7259da25-8c8c-4c41-ab0e-ed94c783e14c",
            "initialization": [
              {
                "init_type": "Import",
                "service_connection_id": "",
                "source_type": "Git",
                "source_url": "https://github.com/Thomaspapaix/DotNetHeroes.git"
              }
            ],
            "is_fork": false,
            "name": "BackEnd",
            "parent_repository_id": null,
            "project_id": "a37b807b-8cd3-4fe4-bd10-bef226b852dc",
            "remote_url": "https://Talan-Terraform@dev.azure.com/Talan-Terraform/TerraformTuto/_git/BackEnd",
            "size": 21927246,
            "ssh_url": "git@ssh.dev.azure.com:v3/Talan-Terraform/TerraformTuto/BackEnd",
            "url": "https://dev.azure.com/Talan-Terraform/a37b807b-8cd3-4fe4-bd10-bef226b852dc/_apis/git/repositories/7259da25-8c8c-4c41-ab0e-ed94c783e14c",
            "web_url": "https://dev.azure.com/Talan-Terraform/TerraformTuto/_git/BackEnd"
          },
          "sensitive_attributes": [],
          "private": "bnVsbA==",
          "dependencies": [
            "azuredevops_project.project"
          ]
        }
      ]
    },
    {
      "mode": "managed",
      "type": "azuredevops_git_repository",
      "name": "repoFront",
      "provider": "provider[\"registry.terraform.io/microsoft/azuredevops\"]",
      "instances": [
        {
          "schema_version": 0,
          "attributes": {
            "default_branch": "refs/heads/main",
            "id": "1d3d7625-3768-46f5-97dc-c2c948c5f8b2",
            "initialization": [
              {
                "init_type": "Import",
                "service_connection_id": "",
                "source_type": "Git",
                "source_url": "https://github.com/Thomaspapaix/AngularHeroes.git"
              }
            ],
            "is_fork": false,
            "name": "FrontEnd",
            "parent_repository_id": null,
            "project_id": "a37b807b-8cd3-4fe4-bd10-bef226b852dc",
            "remote_url": "https://Talan-Terraform@dev.azure.com/Talan-Terraform/TerraformTuto/_git/FrontEnd",
            "size": 123486,
            "ssh_url": "git@ssh.dev.azure.com:v3/Talan-Terraform/TerraformTuto/FrontEnd",
            "url": "https://dev.azure.com/Talan-Terraform/a37b807b-8cd3-4fe4-bd10-bef226b852dc/_apis/git/repositories/1d3d7625-3768-46f5-97dc-c2c948c5f8b2",
            "web_url": "https://dev.azure.com/Talan-Terraform/TerraformTuto/_git/FrontEnd"
          },
          "sensitive_attributes": [],
          "private": "bnVsbA==",
          "dependencies": [
            "azuredevops_project.project"
          ]
        }
      ]
    },
    {
      "mode": "managed",
      "type": "azuredevops_project",
      "name": "project",
      "provider": "provider[\"registry.terraform.io/microsoft/azuredevops\"]",
      "instances": [
        {
          "schema_version": 0,
          "attributes": {
            "description": "tutorial deployment of a project using terraform",
            "features": {},
            "id": "a37b807b-8cd3-4fe4-bd10-bef226b852dc",
            "name": "TerraformTuto",
            "process_template_id": "adcc42ab-9882-485e-a3ed-7678f01f66bc",
            "timeouts": null,
            "version_control": "Git",
            "visibility": "private",
            "work_item_template": "Agile"
          },
          "sensitive_attributes": [],
          "private": "eyJlMmJmYjczMC1lY2FhLTExZTYtOGY4OC0zNDM2M2JjN2M0YzAiOnsiY3JlYXRlIjo2MDAwMDAwMDAwMDAsImRlbGV0ZSI6NjAwMDAwMDAwMDAwLCJyZWFkIjozMDAwMDAwMDAwMDAsInVwZGF0ZSI6NjAwMDAwMDAwMDAwfX0="
        }
      ]
    }
  ],
  "check_results": null
}
